
Microsoft Visual Studio Solution File, Format Version 12.00
# Visual Studio Version 17
VisualStudioVersion = 17.2.32602.215
MinimumVisualStudioVersion = 10.0.40219.1
Project("{FAE04EC0-301F-11D3-BF4B-00C04F79EFBC}") = "GedcomGenerator", "GedcomGenerator.csproj", "{283E0AAF-7D0D-4A5F-8C12-D5222AF4C974}"
EndProject
Project("{FAE04EC0-301F-11D3-BF4B-00C04F79EFBC}") = "GedcomGeneratorTest", "GedcomGenTest\GedcomGeneratorTest.csproj", "{7EBC9AFF-1E40-409D-BD32-E255AF23A654}"
EndProject
Global
	GlobalSection(SolutionConfigurationPlatforms) = preSolution
		Debug|Any CPU = Debug|Any CPU
		Release|Any CPU = Release|Any CPU
	EndGlobalSection
	GlobalSection(ProjectConfigurationPlatforms) = postSolution
		{283E0AAF-7D0D-4A5F-8C12-D5222AF4C974}.Debug|Any CPU.ActiveCfg = Debug|Any CPU
		{283E0AAF-7D0D-4A5F-8C12-D5222AF4C974}.Debug|Any CPU.Build.0 = Debug|Any CPU
		{283E0AAF-7D0D-4A5F-8C12-D5222AF4C974}.Release|Any CPU.ActiveCfg = Release|Any CPU
		{283E0AAF-7D0D-4A5F-8C12-D5222AF4C974}.Release|Any CPU.Build.0 = Release|Any CPU
		{7EBC9AFF-1E40-409D-BD32-E255AF23A654}.Debug|Any CPU.ActiveCfg = Debug|Any CPU
		{7EBC9AFF-1E40-409D-BD32-E255AF23A654}.Debug|Any CPU.Build.0 = Debug|Any CPU
		{7EBC9AFF-1E40-409D-BD32-E255AF23A654}.Release|Any CPU.ActiveCfg = Release|Any CPU
		{7EBC9AFF-1E40-409D-BD32-E255AF23A654}.Release|Any CPU.Build.0 = Release|Any CPU
	EndGlobalSection
	GlobalSection(SolutionProperties) = preSolution
		HideSolutionNode = FALSE
	EndGlobalSection
	GlobalSection(ExtensibilityGlobals) = postSolution
		SolutionGuid = {D764535E-2797-420E-9A6B-F3BF48E96696}
	EndGlobalSection
EndGlobal
